// !$*UTF8*$!
{
	archiveVersion = 1;
	classes = {
	};
	objectVersion = 55;
	objects = {

/* Begin PBXBuildFile section */
		A48EE89A27A7E523003E563C /* ProjectModel.swift in Sources */ = {isa = PBXBuildFile; fileRef = A48EE89927A7E523003E563C /* ProjectModel.swift */; };
		A48EE89E27A7E76D003E563C /* DateFormatter.swift in Sources */ = {isa = PBXBuildFile; fileRef = A48EE89D27A7E76C003E563C /* DateFormatter.swift */; };
		A49E350827A83FD60040CB31 /* Kingfisher in Frameworks */ = {isa = PBXBuildFile; productRef = A49E350727A83FD60040CB31 /* Kingfisher */; };
		A4A9A3B627A2EC660066A130 /* WebRequest.swift in Sources */ = {isa = PBXBuildFile; fileRef = A4A9A3B527A2EC660066A130 /* WebRequest.swift */; };
		A4A9A3B827A2F0660066A130 /* GithubApiResponseModel.swift in Sources */ = {isa = PBXBuildFile; fileRef = A4A9A3B727A2F0660066A130 /* GithubApiResponseModel.swift */; };
		A4C852D127A2D0E500637CFB /* GithubInfoApp.swift in Sources */ = {isa = PBXBuildFile; fileRef = A4C852D027A2D0E500637CFB /* GithubInfoApp.swift */; };
		A4C852D327A2D0E500637CFB /* ListView.swift in Sources */ = {isa = PBXBuildFile; fileRef = A4C852D227A2D0E500637CFB /* ListView.swift */; };
		A4C852D527A2D0F500637CFB /* Assets.xcassets in Resources */ = {isa = PBXBuildFile; fileRef = A4C852D427A2D0F500637CFB /* Assets.xcassets */; };
		A4C852D827A2D0F500637CFB /* Preview Assets.xcassets in Resources */ = {isa = PBXBuildFile; fileRef = A4C852D727A2D0F500637CFB /* Preview Assets.xcassets */; };
		A4C852E227A2D0F600637CFB /* GithubInfoTests.swift in Sources */ = {isa = PBXBuildFile; fileRef = A4C852E127A2D0F600637CFB /* GithubInfoTests.swift */; };
		A4C852EC27A2D0F600637CFB /* GithubInfoUITests.swift in Sources */ = {isa = PBXBuildFile; fileRef = A4C852EB27A2D0F600637CFB /* GithubInfoUITests.swift */; };
		A4C852EE27A2D0F600637CFB /* GithubInfoUITestsLaunchTests.swift in Sources */ = {isa = PBXBuildFile; fileRef = A4C852ED27A2D0F600637CFB /* GithubInfoUITestsLaunchTests.swift */; };
		C06ACBE127A72081005ED072 /* ProjectView.swift in Sources */ = {isa = PBXBuildFile; fileRef = C06ACBE027A72081005ED072 /* ProjectView.swift */; };
		C06ACBE327A728B6005ED072 /* ListViewModel.swift in Sources */ = {isa = PBXBuildFile; fileRef = C06ACBE227A728B6005ED072 /* ListViewModel.swift */; };
/* End PBXBuildFile section */

/* Begin PBXContainerItemProxy section */
		A4C852DE27A2D0F600637CFB /* PBXContainerItemProxy */ = {
			isa = PBXContainerItemProxy;
			containerPortal = A4C852C527A2D0E500637CFB /* Project object */;
			proxyType = 1;
			remoteGlobalIDString = A4C852CC27A2D0E500637CFB;
			remoteInfo = GithubInfo;
		};
		A4C852E827A2D0F600637CFB /* PBXContainerItemProxy */ = {
			isa = PBXContainerItemProxy;
			containerPortal = A4C852C527A2D0E500637CFB /* Project object */;
			proxyType = 1;
			remoteGlobalIDString = A4C852CC27A2D0E500637CFB;
			remoteInfo = GithubInfo;
		};
/* End PBXContainerItemProxy section */

/* Begin PBXFileReference section */
		A48EE89927A7E523003E563C /* ProjectModel.swift */ = {isa = PBXFileReference; lastKnownFileType = sourcecode.swift; path = ProjectModel.swift; sourceTree = "<group>"; };
		A48EE89D27A7E76C003E563C /* DateFormatter.swift */ = {isa = PBXFileReference; lastKnownFileType = sourcecode.swift; path = DateFormatter.swift; sourceTree = "<group>"; };
		A4A9A3B527A2EC660066A130 /* WebRequest.swift */ = {isa = PBXFileReference; lastKnownFileType = sourcecode.swift; path = WebRequest.swift; sourceTree = "<group>"; };
		A4A9A3B727A2F0660066A130 /* GithubApiResponseModel.swift */ = {isa = PBXFileReference; lastKnownFileType = sourcecode.swift; path = GithubApiResponseModel.swift; sourceTree = "<group>"; };
		A4C852CD27A2D0E500637CFB /* GithubInfo.app */ = {isa = PBXFileReference; explicitFileType = wrapper.application; includeInIndex = 0; path = GithubInfo.app; sourceTree = BUILT_PRODUCTS_DIR; };
		A4C852D027A2D0E500637CFB /* GithubInfoApp.swift */ = {isa = PBXFileReference; lastKnownFileType = sourcecode.swift; path = GithubInfoApp.swift; sourceTree = "<group>"; };
		A4C852D227A2D0E500637CFB /* ListView.swift */ = {isa = PBXFileReference; lastKnownFileType = sourcecode.swift; path = ListView.swift; sourceTree = "<group>"; };
		A4C852D427A2D0F500637CFB /* Assets.xcassets */ = {isa = PBXFileReference; lastKnownFileType = folder.assetcatalog; path = Assets.xcassets; sourceTree = "<group>"; };
		A4C852D727A2D0F500637CFB /* Preview Assets.xcassets */ = {isa = PBXFileReference; lastKnownFileType = folder.assetcatalog; path = "Preview Assets.xcassets"; sourceTree = "<group>"; };
		A4C852DD27A2D0F600637CFB /* GithubInfoTests.xctest */ = {isa = PBXFileReference; explicitFileType = wrapper.cfbundle; includeInIndex = 0; path = GithubInfoTests.xctest; sourceTree = BUILT_PRODUCTS_DIR; };
		A4C852E127A2D0F600637CFB /* GithubInfoTests.swift */ = {isa = PBXFileReference; lastKnownFileType = sourcecode.swift; path = GithubInfoTests.swift; sourceTree = "<group>"; };
		A4C852E727A2D0F600637CFB /* GithubInfoUITests.xctest */ = {isa = PBXFileReference; explicitFileType = wrapper.cfbundle; includeInIndex = 0; path = GithubInfoUITests.xctest; sourceTree = BUILT_PRODUCTS_DIR; };
		A4C852EB27A2D0F600637CFB /* GithubInfoUITests.swift */ = {isa = PBXFileReference; lastKnownFileType = sourcecode.swift; path = GithubInfoUITests.swift; sourceTree = "<group>"; };
		A4C852ED27A2D0F600637CFB /* GithubInfoUITestsLaunchTests.swift */ = {isa = PBXFileReference; lastKnownFileType = sourcecode.swift; path = GithubInfoUITestsLaunchTests.swift; sourceTree = "<group>"; };
		C06ACBE027A72081005ED072 /* ProjectView.swift */ = {isa = PBXFileReference; lastKnownFileType = sourcecode.swift; path = ProjectView.swift; sourceTree = "<group>"; };
		C06ACBE227A728B6005ED072 /* ListViewModel.swift */ = {isa = PBXFileReference; lastKnownFileType = sourcecode.swift; path = ListViewModel.swift; sourceTree = "<group>"; };
/* End PBXFileReference section */

/* Begin PBXFrameworksBuildPhase section */
		A4C852CA27A2D0E500637CFB /* Frameworks */ = {
			isa = PBXFrameworksBuildPhase;
			buildActionMask = 2147483647;
			files = (
				A49E350827A83FD60040CB31 /* Kingfisher in Frameworks */,
			);
			runOnlyForDeploymentPostprocessing = 0;
		};
		A4C852DA27A2D0F600637CFB /* Frameworks */ = {
			isa = PBXFrameworksBuildPhase;
			buildActionMask = 2147483647;
			files = (
			);
			runOnlyForDeploymentPostprocessing = 0;
		};
		A4C852E427A2D0F600637CFB /* Frameworks */ = {
			isa = PBXFrameworksBuildPhase;
			buildActionMask = 2147483647;
			files = (
			);
			runOnlyForDeploymentPostprocessing = 0;
		};
/* End PBXFrameworksBuildPhase section */

/* Begin PBXGroup section */
		A4A9A3B427A2EC3D0066A130 /* Service */ = {
			isa = PBXGroup;
			children = (
				A4A9A3B527A2EC660066A130 /* WebRequest.swift */,
				A48EE89D27A7E76C003E563C /* DateFormatter.swift */,
			);
			path = Service;
			sourceTree = "<group>";
		};
		A4C852C427A2D0E500637CFB = {
			isa = PBXGroup;
			children = (
				A4C852CF27A2D0E500637CFB /* GithubInfo */,
				A4C852E027A2D0F600637CFB /* GithubInfoTests */,
				A4C852EA27A2D0F600637CFB /* GithubInfoUITests */,
				A4C852CE27A2D0E500637CFB /* Products */,
			);
			sourceTree = "<group>";
		};
		A4C852CE27A2D0E500637CFB /* Products */ = {
			isa = PBXGroup;
			children = (
				A4C852CD27A2D0E500637CFB /* GithubInfo.app */,
				A4C852DD27A2D0F600637CFB /* GithubInfoTests.xctest */,
				A4C852E727A2D0F600637CFB /* GithubInfoUITests.xctest */,
			);
			name = Products;
			sourceTree = "<group>";
		};
		A4C852CF27A2D0E500637CFB /* GithubInfo */ = {
			isa = PBXGroup;
			children = (
				A4A9A3B427A2EC3D0066A130 /* Service */,
				A4C852FC27A2D30000637CFB /* Model */,
				A4C852FB27A2D2A600637CFB /* ViewModel */,
				A4C852FA27A2D29400637CFB /* View */,
				A4C852D027A2D0E500637CFB /* GithubInfoApp.swift */,
				A4C852D427A2D0F500637CFB /* Assets.xcassets */,
				A4C852D627A2D0F500637CFB /* Preview Content */,
			);
			path = GithubInfo;
			sourceTree = "<group>";
		};
		A4C852D627A2D0F500637CFB /* Preview Content */ = {
			isa = PBXGroup;
			children = (
				A4C852D727A2D0F500637CFB /* Preview Assets.xcassets */,
			);
			path = "Preview Content";
			sourceTree = "<group>";
		};
		A4C852E027A2D0F600637CFB /* GithubInfoTests */ = {
			isa = PBXGroup;
			children = (
				A4C852E127A2D0F600637CFB /* GithubInfoTests.swift */,
			);
			path = GithubInfoTests;
			sourceTree = "<group>";
		};
		A4C852EA27A2D0F600637CFB /* GithubInfoUITests */ = {
			isa = PBXGroup;
			children = (
				A4C852EB27A2D0F600637CFB /* GithubInfoUITests.swift */,
				A4C852ED27A2D0F600637CFB /* GithubInfoUITestsLaunchTests.swift */,
			);
			path = GithubInfoUITests;
			sourceTree = "<group>";
		};
		A4C852FA27A2D29400637CFB /* View */ = {
			isa = PBXGroup;
			children = (
				A4C852D227A2D0E500637CFB /* ListView.swift */,
				C06ACBE027A72081005ED072 /* ProjectView.swift */,
			);
			path = View;
			sourceTree = "<group>";
		};
		A4C852FB27A2D2A600637CFB /* ViewModel */ = {
			isa = PBXGroup;
			children = (
				C06ACBE227A728B6005ED072 /* ListViewModel.swift */,
			);
			path = ViewModel;
			sourceTree = "<group>";
		};
		A4C852FC27A2D30000637CFB /* Model */ = {
			isa = PBXGroup;
			children = (
				A4A9A3B727A2F0660066A130 /* GithubApiResponseModel.swift */,
				A48EE89927A7E523003E563C /* ProjectModel.swift */,
			);
			path = Model;
			sourceTree = "<group>";
		};
/* End PBXGroup section */

/* Begin PBXNativeTarget section */
		A4C852CC27A2D0E500637CFB /* GithubInfo */ = {
			isa = PBXNativeTarget;
			buildConfigurationList = A4C852F127A2D0F600637CFB /* Build configuration list for PBXNativeTarget "GithubInfo" */;
			buildPhases = (
				A4C852C927A2D0E500637CFB /* Sources */,
				A4C852CA27A2D0E500637CFB /* Frameworks */,
				A4C852CB27A2D0E500637CFB /* Resources */,
			);
			buildRules = (
			);
			dependencies = (
			);
			name = GithubInfo;
			packageProductDependencies = (
				A49E350727A83FD60040CB31 /* Kingfisher */,
			);
			productName = GithubInfo;
			productReference = A4C852CD27A2D0E500637CFB /* GithubInfo.app */;
			productType = "com.apple.product-type.application";
		};
		A4C852DC27A2D0F600637CFB /* GithubInfoTests */ = {
			isa = PBXNativeTarget;
			buildConfigurationList = A4C852F427A2D0F600637CFB /* Build configuration list for PBXNativeTarget "GithubInfoTests" */;
			buildPhases = (
				A4C852D927A2D0F600637CFB /* Sources */,
				A4C852DA27A2D0F600637CFB /* Frameworks */,
				A4C852DB27A2D0F600637CFB /* Resources */,
			);
			buildRules = (
			);
			dependencies = (
				A4C852DF27A2D0F600637CFB /* PBXTargetDependency */,
			);
			name = GithubInfoTests;
			productName = GithubInfoTests;
			productReference = A4C852DD27A2D0F600637CFB /* GithubInfoTests.xctest */;
			productType = "com.apple.product-type.bundle.unit-test";
		};
		A4C852E627A2D0F600637CFB /* GithubInfoUITests */ = {
			isa = PBXNativeTarget;
			buildConfigurationList = A4C852F727A2D0F600637CFB /* Build configuration list for PBXNativeTarget "GithubInfoUITests" */;
			buildPhases = (
				A4C852E327A2D0F600637CFB /* Sources */,
				A4C852E427A2D0F600637CFB /* Frameworks */,
				A4C852E527A2D0F600637CFB /* Resources */,
			);
			buildRules = (
			);
			dependencies = (
				A4C852E927A2D0F600637CFB /* PBXTargetDependency */,
			);
			name = GithubInfoUITests;
			productName = GithubInfoUITests;
			productReference = A4C852E727A2D0F600637CFB /* GithubInfoUITests.xctest */;
			productType = "com.apple.product-type.bundle.ui-testing";
		};
/* End PBXNativeTarget section */

/* Begin PBXProject section */
		A4C852C527A2D0E500637CFB /* Project object */ = {
			isa = PBXProject;
			attributes = {
				BuildIndependentTargetsInParallel = 1;
				LastSwiftUpdateCheck = 1300;
				LastUpgradeCheck = 1300;
				TargetAttributes = {
					A4C852CC27A2D0E500637CFB = {
						CreatedOnToolsVersion = 13.0;
					};
					A4C852DC27A2D0F600637CFB = {
						CreatedOnToolsVersion = 13.0;
						TestTargetID = A4C852CC27A2D0E500637CFB;
					};
					A4C852E627A2D0F600637CFB = {
						CreatedOnToolsVersion = 13.0;
						TestTargetID = A4C852CC27A2D0E500637CFB;
					};
				};
			};
			buildConfigurationList = A4C852C827A2D0E500637CFB /* Build configuration list for PBXProject "GithubInfo" */;
			compatibilityVersion = "Xcode 13.0";
			developmentRegion = en;
			hasScannedForEncodings = 0;
			knownRegions = (
				en,
				Base,
			);
			mainGroup = A4C852C427A2D0E500637CFB;
			packageReferences = (
				A49E350627A83FD60040CB31 /* XCRemoteSwiftPackageReference "Kingfisher" */,
			);
			productRefGroup = A4C852CE27A2D0E500637CFB /* Products */;
			projectDirPath = "";
			projectRoot = "";
			targets = (
				A4C852CC27A2D0E500637CFB /* GithubInfo */,
				A4C852DC27A2D0F600637CFB /* GithubInfoTests */,
				A4C852E627A2D0F600637CFB /* GithubInfoUITests */,
			);
		};
/* End PBXProject section */

/* Begin PBXResourcesBuildPhase section */
		A4C852CB27A2D0E500637CFB /* Resources */ = {
			isa = PBXResourcesBuildPhase;
			buildActionMask = 2147483647;
			files = (
				A4C852D827A2D0F500637CFB /* Preview Assets.xcassets in Resources */,
				A4C852D527A2D0F500637CFB /* Assets.xcassets in Resources */,
			);
			runOnlyForDeploymentPostprocessing = 0;
		};
		A4C852DB27A2D0F600637CFB /* Resources */ = {
			isa = PBXResourcesBuildPhase;
			buildActionMask = 2147483647;
			files = (
			);
			runOnlyForDeploymentPostprocessing = 0;
		};
		A4C852E527A2D0F600637CFB /* Resources */ = {
			isa = PBXResourcesBuildPhase;
			buildActionMask = 2147483647;
			files = (
			);
			runOnlyForDeploymentPostprocessing = 0;
		};
/* End PBXResourcesBuildPhase section */

/* Begin PBXSourcesBuildPhase section */
		A4C852C927A2D0E500637CFB /* Sources */ = {
			isa = PBXSourcesBuildPhase;
			buildActionMask = 2147483647;
			files = (
				A48EE89E27A7E76D003E563C /* DateFormatter.swift in Sources */,
				A4A9A3B627A2EC660066A130 /* WebRequest.swift in Sources */,
				A4C852D327A2D0E500637CFB /* ListView.swift in Sources */,
				A48EE89A27A7E523003E563C /* ProjectModel.swift in Sources */,
				A4C852D127A2D0E500637CFB /* GithubInfoApp.swift in Sources */,
				C06ACBE127A72081005ED072 /* ProjectView.swift in Sources */,
				C06ACBE327A728B6005ED072 /* ListViewModel.swift in Sources */,
				A4A9A3B827A2F0660066A130 /* GithubApiResponseModel.swift in Sources */,
			);
			runOnlyForDeploymentPostprocessing = 0;
		};
		A4C852D927A2D0F600637CFB /* Sources */ = {
			isa = PBXSourcesBuildPhase;
			buildActionMask = 2147483647;
			files = (
				A4C852E227A2D0F600637CFB /* GithubInfoTests.swift in Sources */,
			);
			runOnlyForDeploymentPostprocessing = 0;
		};
		A4C852E327A2D0F600637CFB /* Sources */ = {
			isa = PBXSourcesBuildPhase;
			buildActionMask = 2147483647;
			files = (
				A4C852EC27A2D0F600637CFB /* GithubInfoUITests.swift in Sources */,
				A4C852EE27A2D0F600637CFB /* GithubInfoUITestsLaunchTests.swift in Sources */,
			);
			runOnlyForDeploymentPostprocessing = 0;
		};
/* End PBXSourcesBuildPhase section */

/* Begin PBXTargetDependency section */
		A4C852DF27A2D0F600637CFB /* PBXTargetDependency */ = {
			isa = PBXTargetDependency;
			target = A4C852CC27A2D0E500637CFB /* GithubInfo */;
			targetProxy = A4C852DE27A2D0F600637CFB /* PBXContainerItemProxy */;
		};
		A4C852E927A2D0F600637CFB /* PBXTargetDependency */ = {
			isa = PBXTargetDependency;
			target = A4C852CC27A2D0E500637CFB /* GithubInfo */;
			targetProxy = A4C852E827A2D0F600637CFB /* PBXContainerItemProxy */;
		};
/* End PBXTargetDependency section */

/* Begin XCBuildConfiguration section */
		A4C852EF27A2D0F600637CFB /* Debug */ = {
			isa = XCBuildConfiguration;
			buildSettings = {
				ALWAYS_SEARCH_USER_PATHS = NO;
				CLANG_ANALYZER_NONNULL = YES;
				CLANG_ANALYZER_NUMBER_OBJECT_CONVERSION = YES_AGGRESSIVE;
				CLANG_CXX_LANGUAGE_STANDARD = "gnu++17";
				CLANG_CXX_LIBRARY = "libc++";
				CLANG_ENABLE_MODULES = YES;
				CLANG_ENABLE_OBJC_ARC = YES;
				CLANG_ENABLE_OBJC_WEAK = YES;
				CLANG_WARN_BLOCK_CAPTURE_AUTORELEASING = YES;
				CLANG_WARN_BOOL_CONVERSION = YES;
				CLANG_WARN_COMMA = YES;
				CLANG_WARN_CONSTANT_CONVERSION = YES;
				CLANG_WARN_DEPRECATED_OBJC_IMPLEMENTATIONS = YES;
				CLANG_WARN_DIRECT_OBJC_ISA_USAGE = YES_ERROR;
				CLANG_WARN_DOCUMENTATION_COMMENTS = YES;
				CLANG_WARN_EMPTY_BODY = YES;
				CLANG_WARN_ENUM_CONVERSION = YES;
				CLANG_WARN_INFINITE_RECURSION = YES;
				CLANG_WARN_INT_CONVERSION = YES;
				CLANG_WARN_NON_LITERAL_NULL_CONVERSION = YES;
				CLANG_WARN_OBJC_IMPLICIT_RETAIN_SELF = YES;
				CLANG_WARN_OBJC_LITERAL_CONVERSION = YES;
				CLANG_WARN_OBJC_ROOT_CLASS = YES_ERROR;
				CLANG_WARN_QUOTED_INCLUDE_IN_FRAMEWORK_HEADER = YES;
				CLANG_WARN_RANGE_LOOP_ANALYSIS = YES;
				CLANG_WARN_STRICT_PROTOTYPES = YES;
				CLANG_WARN_SUSPICIOUS_MOVE = YES;
				CLANG_WARN_UNGUARDED_AVAILABILITY = YES_AGGRESSIVE;
				CLANG_WARN_UNREACHABLE_CODE = YES;
				CLANG_WARN__DUPLICATE_METHOD_MATCH = YES;
				COPY_PHASE_STRIP = NO;
				DEBUG_INFORMATION_FORMAT = dwarf;
				ENABLE_STRICT_OBJC_MSGSEND = YES;
				ENABLE_TESTABILITY = YES;
				GCC_C_LANGUAGE_STANDARD = gnu11;
				GCC_DYNAMIC_NO_PIC = NO;
				GCC_NO_COMMON_BLOCKS = YES;
				GCC_OPTIMIZATION_LEVEL = 0;
				GCC_PREPROCESSOR_DEFINITIONS = (
					"DEBUG=1",
					"$(inherited)",
				);
				GCC_WARN_64_TO_32_BIT_CONVERSION = YES;
				GCC_WARN_ABOUT_RETURN_TYPE = YES_ERROR;
				GCC_WARN_UNDECLARED_SELECTOR = YES;
				GCC_WARN_UNINITIALIZED_AUTOS = YES_AGGRESSIVE;
				GCC_WARN_UNUSED_FUNCTION = YES;
				GCC_WARN_UNUSED_VARIABLE = YES;
				IPHONEOS_DEPLOYMENT_TARGET = 15.0;
				MTL_ENABLE_DEBUG_INFO = INCLUDE_SOURCE;
				MTL_FAST_MATH = YES;
				ONLY_ACTIVE_ARCH = YES;
				SDKROOT = iphoneos;
				SWIFT_ACTIVE_COMPILATION_CONDITIONS = DEBUG;
				SWIFT_OPTIMIZATION_LEVEL = "-Onone";
			};
			name = Debug;
		};
		A4C852F027A2D0F600637CFB /* Release */ = {
			isa = XCBuildConfiguration;
			buildSettings = {
				ALWAYS_SEARCH_USER_PATHS = NO;
				CLANG_ANALYZER_NONNULL = YES;
				CLANG_ANALYZER_NUMBER_OBJECT_CONVERSION = YES_AGGRESSIVE;
				CLANG_CXX_LANGUAGE_STANDARD = "gnu++17";
				CLANG_CXX_LIBRARY = "libc++";
				CLANG_ENABLE_MODULES = YES;
				CLANG_ENABLE_OBJC_ARC = YES;
				CLANG_ENABLE_OBJC_WEAK = YES;
				CLANG_WARN_BLOCK_CAPTURE_AUTORELEASING = YES;
				CLANG_WARN_BOOL_CONVERSION = YES;
				CLANG_WARN_COMMA = YES;
				CLANG_WARN_CONSTANT_CONVERSION = YES;
				CLANG_WARN_DEPRECATED_OBJC_IMPLEMENTATIONS = YES;
				CLANG_WARN_DIRECT_OBJC_ISA_USAGE = YES_ERROR;
				CLANG_WARN_DOCUMENTATION_COMMENTS = YES;
				CLANG_WARN_EMPTY_BODY = YES;
				CLANG_WARN_ENUM_CONVERSION = YES;
				CLANG_WARN_INFINITE_RECURSION = YES;
				CLANG_WARN_INT_CONVERSION = YES;
				CLANG_WARN_NON_LITERAL_NULL_CONVERSION = YES;
				CLANG_WARN_OBJC_IMPLICIT_RETAIN_SELF = YES;
				CLANG_WARN_OBJC_LITERAL_CONVERSION = YES;
				CLANG_WARN_OBJC_ROOT_CLASS = YES_ERROR;
				CLANG_WARN_QUOTED_INCLUDE_IN_FRAMEWORK_HEADER = YES;
				CLANG_WARN_RANGE_LOOP_ANALYSIS = YES;
				CLANG_WARN_STRICT_PROTOTYPES = YES;
				CLANG_WARN_SUSPICIOUS_MOVE = YES;
				CLANG_WARN_UNGUARDED_AVAILABILITY = YES_AGGRESSIVE;
				CLANG_WARN_UNREACHABLE_CODE = YES;
				CLANG_WARN__DUPLICATE_METHOD_MATCH = YES;
				COPY_PHASE_STRIP = NO;
				DEBUG_INFORMATION_FORMAT = "dwarf-with-dsym";
				ENABLE_NS_ASSERTIONS = NO;
				ENABLE_STRICT_OBJC_MSGSEND = YES;
				GCC_C_LANGUAGE_STANDARD = gnu11;
				GCC_NO_COMMON_BLOCKS = YES;
				GCC_WARN_64_TO_32_BIT_CONVERSION = YES;
				GCC_WARN_ABOUT_RETURN_TYPE = YES_ERROR;
				GCC_WARN_UNDECLARED_SELECTOR = YES;
				GCC_WARN_UNINITIALIZED_AUTOS = YES_AGGRESSIVE;
				GCC_WARN_UNUSED_FUNCTION = YES;
				GCC_WARN_UNUSED_VARIABLE = YES;
				IPHONEOS_DEPLOYMENT_TARGET = 15.0;
				MTL_ENABLE_DEBUG_INFO = NO;
				MTL_FAST_MATH = YES;
				SDKROOT = iphoneos;
				SWIFT_COMPILATION_MODE = wholemodule;
				SWIFT_OPTIMIZATION_LEVEL = "-O";
				VALIDATE_PRODUCT = YES;
			};
			name = Release;
		};
		A4C852F227A2D0F600637CFB /* Debug */ = {
			isa = XCBuildConfiguration;
			buildSettings = {
				ASSETCATALOG_COMPILER_APPICON_NAME = AppIcon;
				ASSETCATALOG_COMPILER_GLOBAL_ACCENT_COLOR_NAME = AccentColor;
				CODE_SIGN_STYLE = Automatic;
				CURRENT_PROJECT_VERSION = 1;
				DEVELOPMENT_ASSET_PATHS = "\"GithubInfo/Preview Content\"";
				DEVELOPMENT_TEAM = VQUG4D6VY3;
				ENABLE_PREVIEWS = YES;
				GENERATE_INFOPLIST_FILE = YES;
				INFOPLIST_KEY_UIApplicationSceneManifest_Generation = YES;
				INFOPLIST_KEY_UIApplicationSupportsIndirectInputEvents = YES;
				INFOPLIST_KEY_UILaunchScreen_Generation = YES;
				INFOPLIST_KEY_UISupportedInterfaceOrientations_iPad = "UIInterfaceOrientationPortrait UIInterfaceOrientationPortraitUpsideDown UIInterfaceOrientationLandscapeLeft UIInterfaceOrientationLandscapeRight";
				INFOPLIST_KEY_UISupportedInterfaceOrientations_iPhone = "UIInterfaceOrientationPortrait UIInterfaceOrientationLandscapeLeft UIInterfaceOrientationLandscapeRight";
				IPHONEOS_DEPLOYMENT_TARGET = 14.0;
				LD_RUNPATH_SEARCH_PATHS = (
					"$(inherited)",
					"@executable_path/Frameworks",
				);
				MARKETING_VERSION = 1.0;
				PRODUCT_BUNDLE_IDENTIFIER = capgemini.GithubInfo;
				PRODUCT_NAME = "$(TARGET_NAME)";
				SWIFT_EMIT_LOC_STRINGS = YES;
				SWIFT_VERSION = 5.0;
				TARGETED_DEVICE_FAMILY = "1,2";
			};
			name = Debug;
		};
		A4C852F327A2D0F600637CFB /* Release */ = {
			isa = XCBuildConfiguration;
			buildSettings = {
				ASSETCATALOG_COMPILER_APPICON_NAME = AppIcon;
				ASSETCATALOG_COMPILER_GLOBAL_ACCENT_COLOR_NAME = AccentColor;
				CODE_SIGN_STYLE = Automatic;
				CURRENT_PROJECT_VERSION = 1;
				DEVELOPMENT_ASSET_PATHS = "\"GithubInfo/Preview Content\"";
				DEVELOPMENT_TEAM = VQUG4D6VY3;
				ENABLE_PREVIEWS = YES;
				GENERATE_INFOPLIST_FILE = YES;
				INFOPLIST_KEY_UIApplicationSceneManifest_Generation = YES;
				INFOPLIST_KEY_UIApplicationSupportsIndirectInputEvents = YES;
				INFOPLIST_KEY_UILaunchScreen_Generation = YES;
				INFOPLIST_KEY_UISupportedInterfaceOrientations_iPad = "UIInterfaceOrientationPortrait UIInterfaceOrientationPortraitUpsideDown UIInterfaceOrientationLandscapeLeft UIInterfaceOrientationLandscapeRight";
				INFOPLIST_KEY_UISupportedInterfaceOrientations_iPhone = "UIInterfaceOrientationPortrait UIInterfaceOrientationLandscapeLeft UIInterfaceOrientationLandscapeRight";
				IPHONEOS_DEPLOYMENT_TARGET = 14.0;
				LD_RUNPATH_SEARCH_PATHS = (
					"$(inherited)",
					"@executable_path/Frameworks",
				);
				MARKETING_VERSION = 1.0;
				PRODUCT_BUNDLE_IDENTIFIER = capgemini.GithubInfo;
				PRODUCT_NAME = "$(TARGET_NAME)";
				SWIFT_EMIT_LOC_STRINGS = YES;
				SWIFT_VERSION = 5.0;
				TARGETED_DEVICE_FAMILY = "1,2";
			};
			name = Release;
		};
		A4C852F527A2D0F600637CFB /* Debug */ = {
			isa = XCBuildConfiguration;
			buildSettings = {
				ALWAYS_EMBED_SWIFT_STANDARD_LIBRARIES = YES;
				BUNDLE_LOADER = "$(TEST_HOST)";
				"CODE_SIGN_IDENTITY[sdk=macosx*]" = "Apple Development";
				CODE_SIGN_STYLE = Automatic;
				CURRENT_PROJECT_VERSION = 1;
				DEVELOPMENT_TEAM = VQUG4D6VY3;
				GENERATE_INFOPLIST_FILE = YES;
				IPHONEOS_DEPLOYMENT_TARGET = 14.0;
				LD_RUNPATH_SEARCH_PATHS = (
					"$(inherited)",
					"@executable_path/Frameworks",
					"@loader_path/Frameworks",
				);
				MARKETING_VERSION = 1.0;
				PRODUCT_BUNDLE_IDENTIFIER = capgemini.GithubInfoTests;
				PRODUCT_NAME = "$(TARGET_NAME)";
				SWIFT_EMIT_LOC_STRINGS = NO;
				SWIFT_VERSION = 5.0;
				TARGETED_DEVICE_FAMILY = "1,2";
				TEST_HOST = "$(BUILT_PRODUCTS_DIR)/GithubInfo.app/GithubInfo";
			};
			name = Debug;
		};
		A4C852F627A2D0F600637CFB /* Release */ = {
			isa = XCBuildConfiguration;
			buildSettings = {
				ALWAYS_EMBED_SWIFT_STANDARD_LIBRARIES = YES;
				BUNDLE_LOADER = "$(TEST_HOST)";
				"CODE_SIGN_IDENTITY[sdk=macosx*]" = "Apple Development";
				CODE_SIGN_STYLE = Automatic;
				CURRENT_PROJECT_VERSION = 1;
				DEVELOPMENT_TEAM = VQUG4D6VY3;
				GENERATE_INFOPLIST_FILE = YES;
				IPHONEOS_DEPLOYMENT_TARGET = 14.0;
				LD_RUNPATH_SEARCH_PATHS = (
					"$(inherited)",
					"@executable_path/Frameworks",
					"@loader_path/Frameworks",
				);
				MARKETING_VERSION = 1.0;
				PRODUCT_BUNDLE_IDENTIFIER = capgemini.GithubInfoTests;
				PRODUCT_NAME = "$(TARGET_NAME)";
				SWIFT_EMIT_LOC_STRINGS = NO;
				SWIFT_VERSION = 5.0;
				TARGETED_DEVICE_FAMILY = "1,2";
				TEST_HOST = "$(BUILT_PRODUCTS_DIR)/GithubInfo.app/GithubInfo";
			};
			name = Release;
		};
		A4C852F827A2D0F600637CFB /* Debug */ = {
			isa = XCBuildConfiguration;
			buildSettings = {
				ALWAYS_EMBED_SWIFT_STANDARD_LIBRARIES = YES;
				CODE_SIGN_STYLE = Automatic;
				CURRENT_PROJECT_VERSION = 1;
				DEVELOPMENT_TEAM = VQUG4D6VY3;
				GENERATE_INFOPLIST_FILE = YES;
				LD_RUNPATH_SEARCH_PATHS = (
					"$(inherited)",
					"@executable_path/Frameworks",
					"@loader_path/Frameworks",
				);
				MARKETING_VERSION = 1.0;
				PRODUCT_BUNDLE_IDENTIFIER = capgemini.GithubInfoUITests;
				PRODUCT_NAME = "$(TARGET_NAME)";
				SWIFT_EMIT_LOC_STRINGS = NO;
				SWIFT_VERSION = 5.0;
				TARGETED_DEVICE_FAMILY = "1,2";
				TEST_TARGET_NAME = GithubInfo;
			};
			name = Debug;
		};
		A4C852F927A2D0F600637CFB /* Release */ = {
			isa = XCBuildConfiguration;
			buildSettings = {
				ALWAYS_EMBED_SWIFT_STANDARD_LIBRARIES = YES;
				CODE_SIGN_STYLE = Automatic;
				CURRENT_PROJECT_VERSION = 1;
				DEVELOPMENT_TEAM = VQUG4D6VY3;
				GENERATE_INFOPLIST_FILE = YES;
				LD_RUNPATH_SEARCH_PATHS = (
					"$(inherited)",
					"@executable_path/Frameworks",
					"@loader_path/Frameworks",
				);
				MARKETING_VERSION = 1.0;
				PRODUCT_BUNDLE_IDENTIFIER = capgemini.GithubInfoUITests;
				PRODUCT_NAME = "$(TARGET_NAME)";
				SWIFT_EMIT_LOC_STRINGS = NO;
				SWIFT_VERSION = 5.0;
				TARGETED_DEVICE_FAMILY = "1,2";
				TEST_TARGET_NAME = GithubInfo;
			};
			name = Release;
		};
/* End XCBuildConfiguration section */

/* Begin XCConfigurationList section */
		A4C852C827A2D0E500637CFB /* Build configuration list for PBXProject "GithubInfo" */ = {
			isa = XCConfigurationList;
			buildConfigurations = (
				A4C852EF27A2D0F600637CFB /* Debug */,
				A4C852F027A2D0F600637CFB /* Release */,
			);
			defaultConfigurationIsVisible = 0;
			defaultConfigurationName = Release;
		};
		A4C852F127A2D0F600637CFB /* Build configuration list for PBXNativeTarget "GithubInfo" */ = {
			isa = XCConfigurationList;
			buildConfigurations = (
				A4C852F227A2D0F600637CFB /* Debug */,
				A4C852F327A2D0F600637CFB /* Release */,
			);
			defaultConfigurationIsVisible = 0;
			defaultConfigurationName = Release;
		};
		A4C852F427A2D0F600637CFB /* Build configuration list for PBXNativeTarget "GithubInfoTests" */ = {
			isa = XCConfigurationList;
			buildConfigurations = (
				A4C852F527A2D0F600637CFB /* Debug */,
				A4C852F627A2D0F600637CFB /* Release */,
			);
			defaultConfigurationIsVisible = 0;
			defaultConfigurationName = Release;
		};
		A4C852F727A2D0F600637CFB /* Build configuration list for PBXNativeTarget "GithubInfoUITests" */ = {
			isa = XCConfigurationList;
			buildConfigurations = (
				A4C852F827A2D0F600637CFB /* Debug */,
				A4C852F927A2D0F600637CFB /* Release */,
			);
			defaultConfigurationIsVisible = 0;
			defaultConfigurationName = Release;
		};
/* End XCConfigurationList section */

/* Begin XCRemoteSwiftPackageReference section */
		A49E350627A83FD60040CB31 /* XCRemoteSwiftPackageReference "Kingfisher" */ = {
			isa = XCRemoteSwiftPackageReference;
			repositoryURL = "https://github.com/onevcat/Kingfisher.git";
			requirement = {
				kind = upToNextMajorVersion;
				minimumVersion = 7.0.0;
			};
		};
/* End XCRemoteSwiftPackageReference section */

/* Begin XCSwiftPackageProductDependency section */
		A49E350727A83FD60040CB31 /* Kingfisher */ = {
			isa = XCSwiftPackageProductDependency;
			package = A49E350627A83FD60040CB31 /* XCRemoteSwiftPackageReference "Kingfisher" */;
			productName = Kingfisher;
		};
/* End XCSwiftPackageProductDependency section */
	};
	rootObject = A4C852C527A2D0E500637CFB /* Project object */;
}
